
Microsoft Visual Studio Solution File, Format Version 12.00
# Visual Studio Version 17
VisualStudioVersion = 17.3.32929.385
MinimumVisualStudioVersion = 10.0.40219.1
Project("{FAE04EC0-301F-11D3-BF4B-00C04F79EFBC}") = "02.10 шанд", "02.10 шанд.csproj", "{FF7A223B-4B2D-4306-8315-C0575679C518}"
EndProject
Global
	GlobalSection(SolutionConfigurationPlatforms) = preSolution
		Debug|Any CPU = Debug|Any CPU
		Release|Any CPU = Release|Any CPU
	EndGlobalSection
	GlobalSection(ProjectConfigurationPlatforms) = postSolution
		{FF7A223B-4B2D-4306-8315-C0575679C518}.Debug|Any CPU.ActiveCfg = Debug|Any CPU
		{FF7A223B-4B2D-4306-8315-C0575679C518}.Debug|Any CPU.Build.0 = Debug|Any CPU
		{FF7A223B-4B2D-4306-8315-C0575679C518}.Release|Any CPU.ActiveCfg = Release|Any CPU
		{FF7A223B-4B2D-4306-8315-C0575679C518}.Release|Any CPU.Build.0 = Release|Any CPU
	EndGlobalSection
	GlobalSection(SolutionProperties) = preSolution
		HideSolutionNode = FALSE
	EndGlobalSection
	GlobalSection(ExtensibilityGlobals) = postSolution
		SolutionGuid = {4BE798E5-C3D8-4E35-BA12-ED5AAF7C3F21}
	EndGlobalSection
EndGlobal
