
Microsoft Visual Studio Solution File, Format Version 12.00
# Visual Studio Version 17
VisualStudioVersion = 17.3.32929.385
MinimumVisualStudioVersion = 10.0.40219.1
Project("{FAE04EC0-301F-11D3-BF4B-00C04F79EFBC}") = "26.10.23.Т8.1", "26.10.23.Т8.1.csproj", "{226D33E5-21F4-4A07-AF9C-F55E77CB0781}"
EndProject
Global
	GlobalSection(SolutionConfigurationPlatforms) = preSolution
		Debug|Any CPU = Debug|Any CPU
		Release|Any CPU = Release|Any CPU
	EndGlobalSection
	GlobalSection(ProjectConfigurationPlatforms) = postSolution
		{226D33E5-21F4-4A07-AF9C-F55E77CB0781}.Debug|Any CPU.ActiveCfg = Debug|Any CPU
		{226D33E5-21F4-4A07-AF9C-F55E77CB0781}.Debug|Any CPU.Build.0 = Debug|Any CPU
		{226D33E5-21F4-4A07-AF9C-F55E77CB0781}.Release|Any CPU.ActiveCfg = Release|Any CPU
		{226D33E5-21F4-4A07-AF9C-F55E77CB0781}.Release|Any CPU.Build.0 = Release|Any CPU
	EndGlobalSection
	GlobalSection(SolutionProperties) = preSolution
		HideSolutionNode = FALSE
	EndGlobalSection
	GlobalSection(ExtensibilityGlobals) = postSolution
		SolutionGuid = {F82B8E72-71C1-4117-ADC5-39A0B9A81E56}
	EndGlobalSection
EndGlobal
