
Microsoft Visual Studio Solution File, Format Version 12.00
# Visual Studio Version 17
VisualStudioVersion = 17.3.32929.385
MinimumVisualStudioVersion = 10.0.40219.1
Project("{FAE04EC0-301F-11D3-BF4B-00C04F79EFBC}") = "14.12.23", "14.12.23.csproj", "{62942126-9247-4B07-886F-F42E251615D6}"
EndProject
Global
	GlobalSection(SolutionConfigurationPlatforms) = preSolution
		Debug|Any CPU = Debug|Any CPU
		Release|Any CPU = Release|Any CPU
	EndGlobalSection
	GlobalSection(ProjectConfigurationPlatforms) = postSolution
		{62942126-9247-4B07-886F-F42E251615D6}.Debug|Any CPU.ActiveCfg = Debug|Any CPU
		{62942126-9247-4B07-886F-F42E251615D6}.Debug|Any CPU.Build.0 = Debug|Any CPU
		{62942126-9247-4B07-886F-F42E251615D6}.Release|Any CPU.ActiveCfg = Release|Any CPU
		{62942126-9247-4B07-886F-F42E251615D6}.Release|Any CPU.Build.0 = Release|Any CPU
	EndGlobalSection
	GlobalSection(SolutionProperties) = preSolution
		HideSolutionNode = FALSE
	EndGlobalSection
	GlobalSection(ExtensibilityGlobals) = postSolution
		SolutionGuid = {AF8EAC3D-DEAD-44B2-9451-FF785B759256}
	EndGlobalSection
EndGlobal
